// !$*UTF8*$!
{
	archiveVersion = 1;
	classes = {
	};
	objectVersion = 50;
	objects = {

/* Begin PBXBuildFile section */
		A296446A2691587F00F21872 /* simple_book_viewerApp.swift in Sources */ = {isa = PBXBuildFile; fileRef = A29644692691587F00F21872 /* simple_book_viewerApp.swift */; };
		A296446E2691588100F21872 /* Assets.xcassets in Resources */ = {isa = PBXBuildFile; fileRef = A296446D2691588100F21872 /* Assets.xcassets */; };
		A29644712691588100F21872 /* Preview Assets.xcassets in Resources */ = {isa = PBXBuildFile; fileRef = A29644702691588100F21872 /* Preview Assets.xcassets */; };
		A296447D269158B300F21872 /* Book.swift in Sources */ = {isa = PBXBuildFile; fileRef = A296447C269158B300F21872 /* Book.swift */; };
		A2964482269158E500F21872 /* Data.json in Resources */ = {isa = PBXBuildFile; fileRef = A2964481269158E500F21872 /* Data.json */; };
		A29644852691599C00F21872 /* BookModel.swift in Sources */ = {isa = PBXBuildFile; fileRef = A29644842691599C00F21872 /* BookModel.swift */; };
		A296448826915D0500F21872 /* Bookshelf.swift in Sources */ = {isa = PBXBuildFile; fileRef = A296448726915D0500F21872 /* Bookshelf.swift */; };
		A296448B26915D1300F21872 /* BookDetail.swift in Sources */ = {isa = PBXBuildFile; fileRef = A296448A26915D1300F21872 /* BookDetail.swift */; };
		A296448E26915D2500F21872 /* BookPages.swift in Sources */ = {isa = PBXBuildFile; fileRef = A296448D26915D2500F21872 /* BookPages.swift */; };
/* End PBXBuildFile section */

/* Begin PBXFileReference section */
		A29644662691587F00F21872 /* simple book viewer.app */ = {isa = PBXFileReference; explicitFileType = wrapper.application; includeInIndex = 0; path = "simple book viewer.app"; sourceTree = BUILT_PRODUCTS_DIR; };
		A29644692691587F00F21872 /* simple_book_viewerApp.swift */ = {isa = PBXFileReference; lastKnownFileType = sourcecode.swift; path = simple_book_viewerApp.swift; sourceTree = "<group>"; };
		A296446D2691588100F21872 /* Assets.xcassets */ = {isa = PBXFileReference; lastKnownFileType = folder.assetcatalog; path = Assets.xcassets; sourceTree = "<group>"; };
		A29644702691588100F21872 /* Preview Assets.xcassets */ = {isa = PBXFileReference; lastKnownFileType = folder.assetcatalog; path = "Preview Assets.xcassets"; sourceTree = "<group>"; };
		A29644722691588100F21872 /* Info.plist */ = {isa = PBXFileReference; lastKnownFileType = text.plist.xml; path = Info.plist; sourceTree = "<group>"; };
		A296447C269158B300F21872 /* Book.swift */ = {isa = PBXFileReference; lastKnownFileType = sourcecode.swift; path = Book.swift; sourceTree = "<group>"; };
		A2964481269158E500F21872 /* Data.json */ = {isa = PBXFileReference; fileEncoding = 4; lastKnownFileType = text.json; path = Data.json; sourceTree = "<group>"; };
		A29644842691599C00F21872 /* BookModel.swift */ = {isa = PBXFileReference; lastKnownFileType = sourcecode.swift; path = BookModel.swift; sourceTree = "<group>"; };
		A296448726915D0500F21872 /* Bookshelf.swift */ = {isa = PBXFileReference; lastKnownFileType = sourcecode.swift; path = Bookshelf.swift; sourceTree = "<group>"; };
		A296448A26915D1300F21872 /* BookDetail.swift */ = {isa = PBXFileReference; lastKnownFileType = sourcecode.swift; path = BookDetail.swift; sourceTree = "<group>"; };
		A296448D26915D2500F21872 /* BookPages.swift */ = {isa = PBXFileReference; lastKnownFileType = sourcecode.swift; path = BookPages.swift; sourceTree = "<group>"; };
/* End PBXFileReference section */

/* Begin PBXFrameworksBuildPhase section */
		A29644632691587F00F21872 /* Frameworks */ = {
			isa = PBXFrameworksBuildPhase;
			buildActionMask = 2147483647;
			files = (
			);
			runOnlyForDeploymentPostprocessing = 0;
		};
/* End PBXFrameworksBuildPhase section */

/* Begin PBXGroup section */
		A296445D2691587F00F21872 = {
			isa = PBXGroup;
			children = (
				A29644682691587F00F21872 /* simple book viewer */,
				A29644672691587F00F21872 /* Products */,
			);
			sourceTree = "<group>";
		};
		A29644672691587F00F21872 /* Products */ = {
			isa = PBXGroup;
			children = (
				A29644662691587F00F21872 /* simple book viewer.app */,
			);
			name = Products;
			sourceTree = "<group>";
		};
		A29644682691587F00F21872 /* simple book viewer */ = {
			isa = PBXGroup;
			children = (
				A29644692691587F00F21872 /* simple_book_viewerApp.swift */,
				A296447B2691589C00F21872 /* Views */,
				A296447A2691589500F21872 /* ViewModels */,
				A29644792691588700F21872 /* Models */,
				A2964480269158C900F21872 /* Data */,
				A296446D2691588100F21872 /* Assets.xcassets */,
				A29644722691588100F21872 /* Info.plist */,
				A296446F2691588100F21872 /* Preview Content */,
			);
			path = "simple book viewer";
			sourceTree = "<group>";
		};
		A296446F2691588100F21872 /* Preview Content */ = {
			isa = PBXGroup;
			children = (
				A29644702691588100F21872 /* Preview Assets.xcassets */,
			);
			path = "Preview Content";
			sourceTree = "<group>";
		};
		A29644792691588700F21872 /* Models */ = {
			isa = PBXGroup;
			children = (
				A296447C269158B300F21872 /* Book.swift */,
			);
			path = Models;
			sourceTree = "<group>";
		};
		A296447A2691589500F21872 /* ViewModels */ = {
			isa = PBXGroup;
			children = (
				A29644842691599C00F21872 /* BookModel.swift */,
			);
			path = ViewModels;
			sourceTree = "<group>";
		};
		A296447B2691589C00F21872 /* Views */ = {
			isa = PBXGroup;
			children = (
				A296448726915D0500F21872 /* Bookshelf.swift */,
				A296448A26915D1300F21872 /* BookDetail.swift */,
				A296448D26915D2500F21872 /* BookPages.swift */,
			);
			path = Views;
			sourceTree = "<group>";
		};
		A2964480269158C900F21872 /* Data */ = {
			isa = PBXGroup;
			children = (
				A2964481269158E500F21872 /* Data.json */,
			);
			path = Data;
			sourceTree = "<group>";
		};
/* End PBXGroup section */

/* Begin PBXNativeTarget section */
		A29644652691587F00F21872 /* simple book viewer */ = {
			isa = PBXNativeTarget;
			buildConfigurationList = A29644752691588100F21872 /* Build configuration list for PBXNativeTarget "simple book viewer" */;
			buildPhases = (
				A29644622691587F00F21872 /* Sources */,
				A29644632691587F00F21872 /* Frameworks */,
				A29644642691587F00F21872 /* Resources */,
			);
			buildRules = (
			);
			dependencies = (
			);
			name = "simple book viewer";
			productName = "simple book viewer";
			productReference = A29644662691587F00F21872 /* simple book viewer.app */;
			productType = "com.apple.product-type.application";
		};
/* End PBXNativeTarget section */

/* Begin PBXProject section */
		A296445E2691587F00F21872 /* Project object */ = {
			isa = PBXProject;
			attributes = {
				LastSwiftUpdateCheck = 1240;
				LastUpgradeCheck = 1240;
				TargetAttributes = {
					A29644652691587F00F21872 = {
						CreatedOnToolsVersion = 12.4;
					};
				};
			};
			buildConfigurationList = A29644612691587F00F21872 /* Build configuration list for PBXProject "simple book viewer" */;
			compatibilityVersion = "Xcode 9.3";
			developmentRegion = en;
			hasScannedForEncodings = 0;
			knownRegions = (
				en,
				Base,
			);
			mainGroup = A296445D2691587F00F21872;
			productRefGroup = A29644672691587F00F21872 /* Products */;
			projectDirPath = "";
			projectRoot = "";
			targets = (
				A29644652691587F00F21872 /* simple book viewer */,
			);
		};
/* End PBXProject section */

/* Begin PBXResourcesBuildPhase section */
		A29644642691587F00F21872 /* Resources */ = {
			isa = PBXResourcesBuildPhase;
			buildActionMask = 2147483647;
			files = (
				A29644712691588100F21872 /* Preview Assets.xcassets in Resources */,
				A296446E2691588100F21872 /* Assets.xcassets in Resources */,
				A2964482269158E500F21872 /* Data.json in Resources */,
			);
			runOnlyForDeploymentPostprocessing = 0;
		};
/* End PBXResourcesBuildPhase section */

/* Begin PBXSourcesBuildPhase section */
		A29644622691587F00F21872 /* Sources */ = {
			isa = PBXSourcesBuildPhase;
			buildActionMask = 2147483647;
			files = (
				A296448E26915D2500F21872 /* BookPages.swift in Sources */,
				A296446A2691587F00F21872 /* simple_book_viewerApp.swift in Sources */,
				A29644852691599C00F21872 /* BookModel.swift in Sources */,
				A296448826915D0500F21872 /* Bookshelf.swift in Sources */,
				A296447D269158B300F21872 /* Book.swift in Sources */,
				A296448B26915D1300F21872 /* BookDetail.swift in Sources */,
			);
			runOnlyForDeploymentPostprocessing = 0;
		};
/* End PBXSourcesBuildPhase section */

/* Begin XCBuildConfiguration section */
		A29644732691588100F21872 /* Debug */ = {
			isa = XCBuildConfiguration;
			buildSettings = {
				ALWAYS_SEARCH_USER_PATHS = NO;
				CLANG_ANALYZER_NONNULL = YES;
				CLANG_ANALYZER_NUMBER_OBJECT_CONVERSION = YES_AGGRESSIVE;
				CLANG_CXX_LANGUAGE_STANDARD = "gnu++14";
				CLANG_CXX_LIBRARY = "libc++";
				CLANG_ENABLE_MODULES = YES;
				CLANG_ENABLE_OBJC_ARC = YES;
				CLANG_ENABLE_OBJC_WEAK = YES;
				CLANG_WARN_BLOCK_CAPTURE_AUTORELEASING = YES;
				CLANG_WARN_BOOL_CONVERSION = YES;
				CLANG_WARN_COMMA = YES;
				CLANG_WARN_CONSTANT_CONVERSION = YES;
				CLANG_WARN_DEPRECATED_OBJC_IMPLEMENTATIONS = YES;
				CLANG_WARN_DIRECT_OBJC_ISA_USAGE = YES_ERROR;
				CLANG_WARN_DOCUMENTATION_COMMENTS = YES;
				CLANG_WARN_EMPTY_BODY = YES;
				CLANG_WARN_ENUM_CONVERSION = YES;
				CLANG_WARN_INFINITE_RECURSION = YES;
				CLANG_WARN_INT_CONVERSION = YES;
				CLANG_WARN_NON_LITERAL_NULL_CONVERSION = YES;
				CLANG_WARN_OBJC_IMPLICIT_RETAIN_SELF = YES;
				CLANG_WARN_OBJC_LITERAL_CONVERSION = YES;
				CLANG_WARN_OBJC_ROOT_CLASS = YES_ERROR;
				CLANG_WARN_QUOTED_INCLUDE_IN_FRAMEWORK_HEADER = YES;
				CLANG_WARN_RANGE_LOOP_ANALYSIS = YES;
				CLANG_WARN_STRICT_PROTOTYPES = YES;
				CLANG_WARN_SUSPICIOUS_MOVE = YES;
				CLANG_WARN_UNGUARDED_AVAILABILITY = YES_AGGRESSIVE;
				CLANG_WARN_UNREACHABLE_CODE = YES;
				CLANG_WARN__DUPLICATE_METHOD_MATCH = YES;
				COPY_PHASE_STRIP = NO;
				DEBUG_INFORMATION_FORMAT = dwarf;
				ENABLE_STRICT_OBJC_MSGSEND = YES;
				ENABLE_TESTABILITY = YES;
				GCC_C_LANGUAGE_STANDARD = gnu11;
				GCC_DYNAMIC_NO_PIC = NO;
				GCC_NO_COMMON_BLOCKS = YES;
				GCC_OPTIMIZATION_LEVEL = 0;
				GCC_PREPROCESSOR_DEFINITIONS = (
					"DEBUG=1",
					"$(inherited)",
				);
				GCC_WARN_64_TO_32_BIT_CONVERSION = YES;
				GCC_WARN_ABOUT_RETURN_TYPE = YES_ERROR;
				GCC_WARN_UNDECLARED_SELECTOR = YES;
				GCC_WARN_UNINITIALIZED_AUTOS = YES_AGGRESSIVE;
				GCC_WARN_UNUSED_FUNCTION = YES;
				GCC_WARN_UNUSED_VARIABLE = YES;
				IPHONEOS_DEPLOYMENT_TARGET = 14.4;
				MTL_ENABLE_DEBUG_INFO = INCLUDE_SOURCE;
				MTL_FAST_MATH = YES;
				ONLY_ACTIVE_ARCH = YES;
				SDKROOT = iphoneos;
				SWIFT_ACTIVE_COMPILATION_CONDITIONS = DEBUG;
				SWIFT_OPTIMIZATION_LEVEL = "-Onone";
			};
			name = Debug;
		};
		A29644742691588100F21872 /* Release */ = {
			isa = XCBuildConfiguration;
			buildSettings = {
				ALWAYS_SEARCH_USER_PATHS = NO;
				CLANG_ANALYZER_NONNULL = YES;
				CLANG_ANALYZER_NUMBER_OBJECT_CONVERSION = YES_AGGRESSIVE;
				CLANG_CXX_LANGUAGE_STANDARD = "gnu++14";
				CLANG_CXX_LIBRARY = "libc++";
				CLANG_ENABLE_MODULES = YES;
				CLANG_ENABLE_OBJC_ARC = YES;
				CLANG_ENABLE_OBJC_WEAK = YES;
				CLANG_WARN_BLOCK_CAPTURE_AUTORELEASING = YES;
				CLANG_WARN_BOOL_CONVERSION = YES;
				CLANG_WARN_COMMA = YES;
				CLANG_WARN_CONSTANT_CONVERSION = YES;
				CLANG_WARN_DEPRECATED_OBJC_IMPLEMENTATIONS = YES;
				CLANG_WARN_DIRECT_OBJC_ISA_USAGE = YES_ERROR;
				CLANG_WARN_DOCUMENTATION_COMMENTS = YES;
				CLANG_WARN_EMPTY_BODY = YES;
				CLANG_WARN_ENUM_CONVERSION = YES;
				CLANG_WARN_INFINITE_RECURSION = YES;
				CLANG_WARN_INT_CONVERSION = YES;
				CLANG_WARN_NON_LITERAL_NULL_CONVERSION = YES;
				CLANG_WARN_OBJC_IMPLICIT_RETAIN_SELF = YES;
				CLANG_WARN_OBJC_LITERAL_CONVERSION = YES;
				CLANG_WARN_OBJC_ROOT_CLASS = YES_ERROR;
				CLANG_WARN_QUOTED_INCLUDE_IN_FRAMEWORK_HEADER = YES;
				CLANG_WARN_RANGE_LOOP_ANALYSIS = YES;
				CLANG_WARN_STRICT_PROTOTYPES = YES;
				CLANG_WARN_SUSPICIOUS_MOVE = YES;
				CLANG_WARN_UNGUARDED_AVAILABILITY = YES_AGGRESSIVE;
				CLANG_WARN_UNREACHABLE_CODE = YES;
				CLANG_WARN__DUPLICATE_METHOD_MATCH = YES;
				COPY_PHASE_STRIP = NO;
				DEBUG_INFORMATION_FORMAT = "dwarf-with-dsym";
				ENABLE_NS_ASSERTIONS = NO;
				ENABLE_STRICT_OBJC_MSGSEND = YES;
				GCC_C_LANGUAGE_STANDARD = gnu11;
				GCC_NO_COMMON_BLOCKS = YES;
				GCC_WARN_64_TO_32_BIT_CONVERSION = YES;
				GCC_WARN_ABOUT_RETURN_TYPE = YES_ERROR;
				GCC_WARN_UNDECLARED_SELECTOR = YES;
				GCC_WARN_UNINITIALIZED_AUTOS = YES_AGGRESSIVE;
				GCC_WARN_UNUSED_FUNCTION = YES;
				GCC_WARN_UNUSED_VARIABLE = YES;
				IPHONEOS_DEPLOYMENT_TARGET = 14.4;
				MTL_ENABLE_DEBUG_INFO = NO;
				MTL_FAST_MATH = YES;
				SDKROOT = iphoneos;
				SWIFT_COMPILATION_MODE = wholemodule;
				SWIFT_OPTIMIZATION_LEVEL = "-O";
				VALIDATE_PRODUCT = YES;
			};
			name = Release;
		};
		A29644762691588100F21872 /* Debug */ = {
			isa = XCBuildConfiguration;
			buildSettings = {
				ASSETCATALOG_COMPILER_APPICON_NAME = AppIcon;
				ASSETCATALOG_COMPILER_GLOBAL_ACCENT_COLOR_NAME = AccentColor;
				CODE_SIGN_STYLE = Automatic;
				DEVELOPMENT_ASSET_PATHS = "\"simple book viewer/Preview Content\"";
				DEVELOPMENT_TEAM = 845Q48W2V4;
				ENABLE_PREVIEWS = YES;
				INFOPLIST_FILE = "simple book viewer/Info.plist";
				IPHONEOS_DEPLOYMENT_TARGET = 14.0;
				LD_RUNPATH_SEARCH_PATHS = (
					"$(inherited)",
					"@executable_path/Frameworks",
				);
				PRODUCT_BUNDLE_IDENTIFIER = "com.MitchellSalomon.simple-book-viewer";
				PRODUCT_NAME = "$(TARGET_NAME)";
				SWIFT_VERSION = 5.0;
				TARGETED_DEVICE_FAMILY = "1,2";
			};
			name = Debug;
		};
		A29644772691588100F21872 /* Release */ = {
			isa = XCBuildConfiguration;
			buildSettings = {
				ASSETCATALOG_COMPILER_APPICON_NAME = AppIcon;
				ASSETCATALOG_COMPILER_GLOBAL_ACCENT_COLOR_NAME = AccentColor;
				CODE_SIGN_STYLE = Automatic;
				DEVELOPMENT_ASSET_PATHS = "\"simple book viewer/Preview Content\"";
				DEVELOPMENT_TEAM = 845Q48W2V4;
				ENABLE_PREVIEWS = YES;
				INFOPLIST_FILE = "simple book viewer/Info.plist";
				IPHONEOS_DEPLOYMENT_TARGET = 14.0;
				LD_RUNPATH_SEARCH_PATHS = (
					"$(inherited)",
					"@executable_path/Frameworks",
				);
				PRODUCT_BUNDLE_IDENTIFIER = "com.MitchellSalomon.simple-book-viewer";
				PRODUCT_NAME = "$(TARGET_NAME)";
				SWIFT_VERSION = 5.0;
				TARGETED_DEVICE_FAMILY = "1,2";
			};
			name = Release;
		};
/* End XCBuildConfiguration section */

/* Begin XCConfigurationList section */
		A29644612691587F00F21872 /* Build configuration list for PBXProject "simple book viewer" */ = {
			isa = XCConfigurationList;
			buildConfigurations = (
				A29644732691588100F21872 /* Debug */,
				A29644742691588100F21872 /* Release */,
			);
			defaultConfigurationIsVisible = 0;
			defaultConfigurationName = Release;
		};
		A29644752691588100F21872 /* Build configuration list for PBXNativeTarget "simple book viewer" */ = {
			isa = XCConfigurationList;
			buildConfigurations = (
				A29644762691588100F21872 /* Debug */,
				A29644772691588100F21872 /* Release */,
			);
			defaultConfigurationIsVisible = 0;
			defaultConfigurationName = Release;
		};
/* End XCConfigurationList section */
	};
	rootObject = A296445E2691587F00F21872 /* Project object */;
}
